
Microsoft Visual Studio Solution File, Format Version 12.00
# Visual Studio Version 17
VisualStudioVersion = 17.10.35027.167
MinimumVisualStudioVersion = 10.0.40219.1
Project("{FAE04EC0-301F-11D3-BF4B-00C04F79EFBC}") = "Shotgun gameinlämningsuppgift 2", "Shotgun gameinlämningsuppgift 2\Shotgun gameinlämningsuppgift 2.csproj", "{F7AEE7E9-0C27-4E3E-B27D-A697AD4FEE28}"
EndProject
Global
	GlobalSection(SolutionConfigurationPlatforms) = preSolution
		Debug|Any CPU = Debug|Any CPU
		Release|Any CPU = Release|Any CPU
	EndGlobalSection
	GlobalSection(ProjectConfigurationPlatforms) = postSolution
		{F7AEE7E9-0C27-4E3E-B27D-A697AD4FEE28}.Debug|Any CPU.ActiveCfg = Debug|Any CPU
		{F7AEE7E9-0C27-4E3E-B27D-A697AD4FEE28}.Debug|Any CPU.Build.0 = Debug|Any CPU
		{F7AEE7E9-0C27-4E3E-B27D-A697AD4FEE28}.Release|Any CPU.ActiveCfg = Release|Any CPU
		{F7AEE7E9-0C27-4E3E-B27D-A697AD4FEE28}.Release|Any CPU.Build.0 = Release|Any CPU
	EndGlobalSection
	GlobalSection(SolutionProperties) = preSolution
		HideSolutionNode = FALSE
	EndGlobalSection
	GlobalSection(ExtensibilityGlobals) = postSolution
		SolutionGuid = {6CE11632-D2AF-4282-9EC7-A852156A47BE}
	EndGlobalSection
EndGlobal
